
Microsoft Visual Studio Solution File, Format Version 12.00
# Visual Studio Version 16
VisualStudioVersion = 16.0.31729.503
MinimumVisualStudioVersion = 10.0.40219.1
Project("{FAE04EC0-301F-11D3-BF4B-00C04F79EFBC}") = "melissaProject2", "melissaProject2\melissaProject2.csproj", "{3665BBB5-870E-4392-820D-3BBD5214CEDE}"
EndProject
Global
	GlobalSection(SolutionConfigurationPlatforms) = preSolution
		Debug|Any CPU = Debug|Any CPU
		Release|Any CPU = Release|Any CPU
	EndGlobalSection
	GlobalSection(ProjectConfigurationPlatforms) = postSolution
		{3665BBB5-870E-4392-820D-3BBD5214CEDE}.Debug|Any CPU.ActiveCfg = Debug|Any CPU
		{3665BBB5-870E-4392-820D-3BBD5214CEDE}.Debug|Any CPU.Build.0 = Debug|Any CPU
		{3665BBB5-870E-4392-820D-3BBD5214CEDE}.Release|Any CPU.ActiveCfg = Release|Any CPU
		{3665BBB5-870E-4392-820D-3BBD5214CEDE}.Release|Any CPU.Build.0 = Release|Any CPU
	EndGlobalSection
	GlobalSection(SolutionProperties) = preSolution
		HideSolutionNode = FALSE
	EndGlobalSection
	GlobalSection(ExtensibilityGlobals) = postSolution
		SolutionGuid = {B02AA52A-791E-4977-943F-C724E1032E9E}
	EndGlobalSection
EndGlobal
